// !$*UTF8*$!
{
	archiveVersion = 1;
	classes = {
	};
	objectVersion = 77;
	objects = {

/* Begin PBXContainerItemProxy section */
		FE8F8CC42D1D9F5000B529B5 /* PBXContainerItemProxy */ = {
			isa = PBXContainerItemProxy;
			containerPortal = FE8F8CAB2D1D9F4F00B529B5 /* Project object */;
			proxyType = 1;
			remoteGlobalIDString = FE8F8CB22D1D9F4F00B529B5;
			remoteInfo = findit;
		};
		FE8F8CCE2D1D9F5000B529B5 /* PBXContainerItemProxy */ = {
			isa = PBXContainerItemProxy;
			containerPortal = FE8F8CAB2D1D9F4F00B529B5 /* Project object */;
			proxyType = 1;
			remoteGlobalIDString = FE8F8CB22D1D9F4F00B529B5;
			remoteInfo = findit;
		};
/* End PBXContainerItemProxy section */

/* Begin PBXFileReference section */
		FE8F8CB32D1D9F4F00B529B5 /* findit.app */ = {isa = PBXFileReference; explicitFileType = wrapper.application; includeInIndex = 0; path = findit.app; sourceTree = BUILT_PRODUCTS_DIR; };
		FE8F8CC32D1D9F5000B529B5 /* finditTests.xctest */ = {isa = PBXFileReference; explicitFileType = wrapper.cfbundle; includeInIndex = 0; path = finditTests.xctest; sourceTree = BUILT_PRODUCTS_DIR; };
		FE8F8CCD2D1D9F5000B529B5 /* finditUITests.xctest */ = {isa = PBXFileReference; explicitFileType = wrapper.cfbundle; includeInIndex = 0; path = finditUITests.xctest; sourceTree = BUILT_PRODUCTS_DIR; };
/* End PBXFileReference section */

/* Begin PBXFileSystemSynchronizedRootGroup section */
		FE8F8CB52D1D9F4F00B529B5 /* findit */ = {
			isa = PBXFileSystemSynchronizedRootGroup;
			path = findit;
			sourceTree = "<group>";
		};
		FE8F8CC62D1D9F5000B529B5 /* finditTests */ = {
			isa = PBXFileSystemSynchronizedRootGroup;
			path = finditTests;
			sourceTree = "<group>";
		};
		FE8F8CD02D1D9F5000B529B5 /* finditUITests */ = {
			isa = PBXFileSystemSynchronizedRootGroup;
			path = finditUITests;
			sourceTree = "<group>";
		};
/* End PBXFileSystemSynchronizedRootGroup section */

/* Begin PBXFrameworksBuildPhase section */
		FE8F8CB02D1D9F4F00B529B5 /* Frameworks */ = {
			isa = PBXFrameworksBuildPhase;
			buildActionMask = 2147483647;
			files = (
			);
			runOnlyForDeploymentPostprocessing = 0;
		};
		FE8F8CC02D1D9F5000B529B5 /* Frameworks */ = {
			isa = PBXFrameworksBuildPhase;
			buildActionMask = 2147483647;
			files = (
			);
			runOnlyForDeploymentPostprocessing = 0;
		};
		FE8F8CCA2D1D9F5000B529B5 /* Frameworks */ = {
			isa = PBXFrameworksBuildPhase;
			buildActionMask = 2147483647;
			files = (
			);
			runOnlyForDeploymentPostprocessing = 0;
		};
/* End PBXFrameworksBuildPhase section */

/* Begin PBXGroup section */
		FE8F8CAA2D1D9F4F00B529B5 = {
			isa = PBXGroup;
			children = (
				FE8F8CB52D1D9F4F00B529B5 /* findit */,
				FE8F8CC62D1D9F5000B529B5 /* finditTests */,
				FE8F8CD02D1D9F5000B529B5 /* finditUITests */,
				FE8F8CB42D1D9F4F00B529B5 /* Products */,
			);
			sourceTree = "<group>";
		};
		FE8F8CB42D1D9F4F00B529B5 /* Products */ = {
			isa = PBXGroup;
			children = (
				FE8F8CB32D1D9F4F00B529B5 /* findit.app */,
				FE8F8CC32D1D9F5000B529B5 /* finditTests.xctest */,
				FE8F8CCD2D1D9F5000B529B5 /* finditUITests.xctest */,
			);
			name = Products;
			sourceTree = "<group>";
		};
/* End PBXGroup section */

/* Begin PBXNativeTarget section */
		FE8F8CB22D1D9F4F00B529B5 /* findit */ = {
			isa = PBXNativeTarget;
			buildConfigurationList = FE8F8CD72D1D9F5000B529B5 /* Build configuration list for PBXNativeTarget "findit" */;
			buildPhases = (
				FE8F8CAF2D1D9F4F00B529B5 /* Sources */,
				FE8F8CB02D1D9F4F00B529B5 /* Frameworks */,
				FE8F8CB12D1D9F4F00B529B5 /* Resources */,
			);
			buildRules = (
			);
			dependencies = (
			);
			fileSystemSynchronizedGroups = (
				FE8F8CB52D1D9F4F00B529B5 /* findit */,
			);
			name = findit;
			packageProductDependencies = (
			);
			productName = findit;
			productReference = FE8F8CB32D1D9F4F00B529B5 /* findit.app */;
			productType = "com.apple.product-type.application";
		};
		FE8F8CC22D1D9F5000B529B5 /* finditTests */ = {
			isa = PBXNativeTarget;
			buildConfigurationList = FE8F8CDA2D1D9F5000B529B5 /* Build configuration list for PBXNativeTarget "finditTests" */;
			buildPhases = (
				FE8F8CBF2D1D9F5000B529B5 /* Sources */,
				FE8F8CC02D1D9F5000B529B5 /* Frameworks */,
				FE8F8CC12D1D9F5000B529B5 /* Resources */,
			);
			buildRules = (
			);
			dependencies = (
				FE8F8CC52D1D9F5000B529B5 /* PBXTargetDependency */,
			);
			fileSystemSynchronizedGroups = (
				FE8F8CC62D1D9F5000B529B5 /* finditTests */,
			);
			name = finditTests;
			packageProductDependencies = (
			);
			productName = finditTests;
			productReference = FE8F8CC32D1D9F5000B529B5 /* finditTests.xctest */;
			productType = "com.apple.product-type.bundle.unit-test";
		};
		FE8F8CCC2D1D9F5000B529B5 /* finditUITests */ = {
			isa = PBXNativeTarget;
			buildConfigurationList = FE8F8CDD2D1D9F5000B529B5 /* Build configuration list for PBXNativeTarget "finditUITests" */;
			buildPhases = (
				FE8F8CC92D1D9F5000B529B5 /* Sources */,
				FE8F8CCA2D1D9F5000B529B5 /* Frameworks */,
				FE8F8CCB2D1D9F5000B529B5 /* Resources */,
			);
			buildRules = (
			);
			dependencies = (
				FE8F8CCF2D1D9F5000B529B5 /* PBXTargetDependency */,
			);
			fileSystemSynchronizedGroups = (
				FE8F8CD02D1D9F5000B529B5 /* finditUITests */,
			);
			name = finditUITests;
			packageProductDependencies = (
			);
			productName = finditUITests;
			productReference = FE8F8CCD2D1D9F5000B529B5 /* finditUITests.xctest */;
			productType = "com.apple.product-type.bundle.ui-testing";
		};
/* End PBXNativeTarget section */

/* Begin PBXProject section */
		FE8F8CAB2D1D9F4F00B529B5 /* Project object */ = {
			isa = PBXProject;
			attributes = {
				BuildIndependentTargetsInParallel = 1;
				LastSwiftUpdateCheck = 1610;
				LastUpgradeCheck = 1610;
				TargetAttributes = {
					FE8F8CB22D1D9F4F00B529B5 = {
						CreatedOnToolsVersion = 16.1;
					};
					FE8F8CC22D1D9F5000B529B5 = {
						CreatedOnToolsVersion = 16.1;
						TestTargetID = FE8F8CB22D1D9F4F00B529B5;
					};
					FE8F8CCC2D1D9F5000B529B5 = {
						CreatedOnToolsVersion = 16.1;
						TestTargetID = FE8F8CB22D1D9F4F00B529B5;
					};
				};
			};
			buildConfigurationList = FE8F8CAE2D1D9F4F00B529B5 /* Build configuration list for PBXProject "findit" */;
			developmentRegion = en;
			hasScannedForEncodings = 0;
			knownRegions = (
				en,
				Base,
			);
			mainGroup = FE8F8CAA2D1D9F4F00B529B5;
			minimizedProjectReferenceProxies = 1;
			preferredProjectObjectVersion = 77;
			productRefGroup = FE8F8CB42D1D9F4F00B529B5 /* Products */;
			projectDirPath = "";
			projectRoot = "";
			targets = (
				FE8F8CB22D1D9F4F00B529B5 /* findit */,
				FE8F8CC22D1D9F5000B529B5 /* finditTests */,
				FE8F8CCC2D1D9F5000B529B5 /* finditUITests */,
			);
		};
/* End PBXProject section */

/* Begin PBXResourcesBuildPhase section */
		FE8F8CB12D1D9F4F00B529B5 /* Resources */ = {
			isa = PBXResourcesBuildPhase;
			buildActionMask = 2147483647;
			files = (
			);
			runOnlyForDeploymentPostprocessing = 0;
		};
		FE8F8CC12D1D9F5000B529B5 /* Resources */ = {
			isa = PBXResourcesBuildPhase;
			buildActionMask = 2147483647;
			files = (
			);
			runOnlyForDeploymentPostprocessing = 0;
		};
		FE8F8CCB2D1D9F5000B529B5 /* Resources */ = {
			isa = PBXResourcesBuildPhase;
			buildActionMask = 2147483647;
			files = (
			);
			runOnlyForDeploymentPostprocessing = 0;
		};
/* End PBXResourcesBuildPhase section */

/* Begin PBXSourcesBuildPhase section */
		FE8F8CAF2D1D9F4F00B529B5 /* Sources */ = {
			isa = PBXSourcesBuildPhase;
			buildActionMask = 2147483647;
			files = (
			);
			runOnlyForDeploymentPostprocessing = 0;
		};
		FE8F8CBF2D1D9F5000B529B5 /* Sources */ = {
			isa = PBXSourcesBuildPhase;
			buildActionMask = 2147483647;
			files = (
			);
			runOnlyForDeploymentPostprocessing = 0;
		};
		FE8F8CC92D1D9F5000B529B5 /* Sources */ = {
			isa = PBXSourcesBuildPhase;
			buildActionMask = 2147483647;
			files = (
			);
			runOnlyForDeploymentPostprocessing = 0;
		};
/* End PBXSourcesBuildPhase section */

/* Begin PBXTargetDependency section */
		FE8F8CC52D1D9F5000B529B5 /* PBXTargetDependency */ = {
			isa = PBXTargetDependency;
			target = FE8F8CB22D1D9F4F00B529B5 /* findit */;
			targetProxy = FE8F8CC42D1D9F5000B529B5 /* PBXContainerItemProxy */;
		};
		FE8F8CCF2D1D9F5000B529B5 /* PBXTargetDependency */ = {
			isa = PBXTargetDependency;
			target = FE8F8CB22D1D9F4F00B529B5 /* findit */;
			targetProxy = FE8F8CCE2D1D9F5000B529B5 /* PBXContainerItemProxy */;
		};
/* End PBXTargetDependency section */

/* Begin XCBuildConfiguration section */
		FE8F8CD52D1D9F5000B529B5 /* Debug */ = {
			isa = XCBuildConfiguration;
			buildSettings = {
				ALWAYS_SEARCH_USER_PATHS = NO;
				ASSETCATALOG_COMPILER_GENERATE_SWIFT_ASSET_SYMBOL_EXTENSIONS = YES;
				CLANG_ANALYZER_NONNULL = YES;
				CLANG_ANALYZER_NUMBER_OBJECT_CONVERSION = YES_AGGRESSIVE;
				CLANG_CXX_LANGUAGE_STANDARD = "gnu++20";
				CLANG_ENABLE_MODULES = YES;
				CLANG_ENABLE_OBJC_ARC = YES;
				CLANG_ENABLE_OBJC_WEAK = YES;
				CLANG_WARN_BLOCK_CAPTURE_AUTORELEASING = YES;
				CLANG_WARN_BOOL_CONVERSION = YES;
				CLANG_WARN_COMMA = YES;
				CLANG_WARN_CONSTANT_CONVERSION = YES;
				CLANG_WARN_DEPRECATED_OBJC_IMPLEMENTATIONS = YES;
				CLANG_WARN_DIRECT_OBJC_ISA_USAGE = YES_ERROR;
				CLANG_WARN_DOCUMENTATION_COMMENTS = YES;
				CLANG_WARN_EMPTY_BODY = YES;
				CLANG_WARN_ENUM_CONVERSION = YES;
				CLANG_WARN_INFINITE_RECURSION = YES;
				CLANG_WARN_INT_CONVERSION = YES;
				CLANG_WARN_NON_LITERAL_NULL_CONVERSION = YES;
				CLANG_WARN_OBJC_IMPLICIT_RETAIN_SELF = YES;
				CLANG_WARN_OBJC_LITERAL_CONVERSION = YES;
				CLANG_WARN_OBJC_ROOT_CLASS = YES_ERROR;
				CLANG_WARN_QUOTED_INCLUDE_IN_FRAMEWORK_HEADER = YES;
				CLANG_WARN_RANGE_LOOP_ANALYSIS = YES;
				CLANG_WARN_STRICT_PROTOTYPES = YES;
				CLANG_WARN_SUSPICIOUS_MOVE = YES;
				CLANG_WARN_UNGUARDED_AVAILABILITY = YES_AGGRESSIVE;
				CLANG_WARN_UNREACHABLE_CODE = YES;
				CLANG_WARN__DUPLICATE_METHOD_MATCH = YES;
				COPY_PHASE_STRIP = NO;
				DEBUG_INFORMATION_FORMAT = dwarf;
				ENABLE_STRICT_OBJC_MSGSEND = YES;
				ENABLE_TESTABILITY = YES;
				ENABLE_USER_SCRIPT_SANDBOXING = YES;
				GCC_C_LANGUAGE_STANDARD = gnu17;
				GCC_DYNAMIC_NO_PIC = NO;
				GCC_NO_COMMON_BLOCKS = YES;
				GCC_OPTIMIZATION_LEVEL = 0;
				GCC_PREPROCESSOR_DEFINITIONS = (
					"DEBUG=1",
					"$(inherited)",
				);
				GCC_WARN_64_TO_32_BIT_CONVERSION = YES;
				GCC_WARN_ABOUT_RETURN_TYPE = YES_ERROR;
				GCC_WARN_UNDECLARED_SELECTOR = YES;
				GCC_WARN_UNINITIALIZED_AUTOS = YES_AGGRESSIVE;
				GCC_WARN_UNUSED_FUNCTION = YES;
				GCC_WARN_UNUSED_VARIABLE = YES;
				IPHONEOS_DEPLOYMENT_TARGET = 18.1;
				LOCALIZATION_PREFERS_STRING_CATALOGS = YES;
				MTL_ENABLE_DEBUG_INFO = INCLUDE_SOURCE;
				MTL_FAST_MATH = YES;
				ONLY_ACTIVE_ARCH = YES;
				SDKROOT = iphoneos;
				SWIFT_ACTIVE_COMPILATION_CONDITIONS = "DEBUG $(inherited)";
				SWIFT_OPTIMIZATION_LEVEL = "-Onone";
			};
			name = Debug;
		};
		FE8F8CD62D1D9F5000B529B5 /* Release */ = {
			isa = XCBuildConfiguration;
			buildSettings = {
				ALWAYS_SEARCH_USER_PATHS = NO;
				ASSETCATALOG_COMPILER_GENERATE_SWIFT_ASSET_SYMBOL_EXTENSIONS = YES;
				CLANG_ANALYZER_NONNULL = YES;
				CLANG_ANALYZER_NUMBER_OBJECT_CONVERSION = YES_AGGRESSIVE;
				CLANG_CXX_LANGUAGE_STANDARD = "gnu++20";
				CLANG_ENABLE_MODULES = YES;
				CLANG_ENABLE_OBJC_ARC = YES;
				CLANG_ENABLE_OBJC_WEAK = YES;
				CLANG_WARN_BLOCK_CAPTURE_AUTORELEASING = YES;
				CLANG_WARN_BOOL_CONVERSION = YES;
				CLANG_WARN_COMMA = YES;
				CLANG_WARN_CONSTANT_CONVERSION = YES;
				CLANG_WARN_DEPRECATED_OBJC_IMPLEMENTATIONS = YES;
				CLANG_WARN_DIRECT_OBJC_ISA_USAGE = YES_ERROR;
				CLANG_WARN_DOCUMENTATION_COMMENTS = YES;
				CLANG_WARN_EMPTY_BODY = YES;
				CLANG_WARN_ENUM_CONVERSION = YES;
				CLANG_WARN_INFINITE_RECURSION = YES;
				CLANG_WARN_INT_CONVERSION = YES;
				CLANG_WARN_NON_LITERAL_NULL_CONVERSION = YES;
				CLANG_WARN_OBJC_IMPLICIT_RETAIN_SELF = YES;
				CLANG_WARN_OBJC_LITERAL_CONVERSION = YES;
				CLANG_WARN_OBJC_ROOT_CLASS = YES_ERROR;
				CLANG_WARN_QUOTED_INCLUDE_IN_FRAMEWORK_HEADER = YES;
				CLANG_WARN_RANGE_LOOP_ANALYSIS = YES;
				CLANG_WARN_STRICT_PROTOTYPES = YES;
				CLANG_WARN_SUSPICIOUS_MOVE = YES;
				CLANG_WARN_UNGUARDED_AVAILABILITY = YES_AGGRESSIVE;
				CLANG_WARN_UNREACHABLE_CODE = YES;
				CLANG_WARN__DUPLICATE_METHOD_MATCH = YES;
				COPY_PHASE_STRIP = NO;
				DEBUG_INFORMATION_FORMAT = "dwarf-with-dsym";
				ENABLE_NS_ASSERTIONS = NO;
				ENABLE_STRICT_OBJC_MSGSEND = YES;
				ENABLE_USER_SCRIPT_SANDBOXING = YES;
				GCC_C_LANGUAGE_STANDARD = gnu17;
				GCC_NO_COMMON_BLOCKS = YES;
				GCC_WARN_64_TO_32_BIT_CONVERSION = YES;
				GCC_WARN_ABOUT_RETURN_TYPE = YES_ERROR;
				GCC_WARN_UNDECLARED_SELECTOR = YES;
				GCC_WARN_UNINITIALIZED_AUTOS = YES_AGGRESSIVE;
				GCC_WARN_UNUSED_FUNCTION = YES;
				GCC_WARN_UNUSED_VARIABLE = YES;
				IPHONEOS_DEPLOYMENT_TARGET = 18.1;
				LOCALIZATION_PREFERS_STRING_CATALOGS = YES;
				MTL_ENABLE_DEBUG_INFO = NO;
				MTL_FAST_MATH = YES;
				SDKROOT = iphoneos;
				SWIFT_COMPILATION_MODE = wholemodule;
				VALIDATE_PRODUCT = YES;
			};
			name = Release;
		};
		FE8F8CD82D1D9F5000B529B5 /* Debug */ = {
			isa = XCBuildConfiguration;
			buildSettings = {
				ASSETCATALOG_COMPILER_APPICON_NAME = AppIcon;
				ASSETCATALOG_COMPILER_GLOBAL_ACCENT_COLOR_NAME = AccentColor;
				CODE_SIGN_STYLE = Automatic;
				CURRENT_PROJECT_VERSION = 1;
				DEVELOPMENT_ASSET_PATHS = "\"findit/Preview Content\"";
				ENABLE_PREVIEWS = YES;
				GENERATE_INFOPLIST_FILE = YES;
				INFOPLIST_KEY_UIApplicationSceneManifest_Generation = YES;
				INFOPLIST_KEY_UIApplicationSupportsIndirectInputEvents = YES;
				INFOPLIST_KEY_UILaunchScreen_Generation = YES;
				INFOPLIST_KEY_UISupportedInterfaceOrientations_iPad = "UIInterfaceOrientationPortrait UIInterfaceOrientationPortraitUpsideDown UIInterfaceOrientationLandscapeLeft UIInterfaceOrientationLandscapeRight";
				INFOPLIST_KEY_UISupportedInterfaceOrientations_iPhone = "UIInterfaceOrientationPortrait UIInterfaceOrientationLandscapeLeft UIInterfaceOrientationLandscapeRight";
				LD_RUNPATH_SEARCH_PATHS = (
					"$(inherited)",
					"@executable_path/Frameworks",
				);
				MARKETING_VERSION = 1.0;
				PRODUCT_BUNDLE_IDENTIFIER = dinc.findit;
				PRODUCT_NAME = "$(TARGET_NAME)";
				SWIFT_EMIT_LOC_STRINGS = YES;
				SWIFT_VERSION = 5.0;
				TARGETED_DEVICE_FAMILY = "1,2";
			};
			name = Debug;
		};
		FE8F8CD92D1D9F5000B529B5 /* Release */ = {
			isa = XCBuildConfiguration;
			buildSettings = {
				ASSETCATALOG_COMPILER_APPICON_NAME = AppIcon;
				ASSETCATALOG_COMPILER_GLOBAL_ACCENT_COLOR_NAME = AccentColor;
				CODE_SIGN_STYLE = Automatic;
				CURRENT_PROJECT_VERSION = 1;
				DEVELOPMENT_ASSET_PATHS = "\"findit/Preview Content\"";
				ENABLE_PREVIEWS = YES;
				GENERATE_INFOPLIST_FILE = YES;
				INFOPLIST_KEY_UIApplicationSceneManifest_Generation = YES;
				INFOPLIST_KEY_UIApplicationSupportsIndirectInputEvents = YES;
				INFOPLIST_KEY_UILaunchScreen_Generation = YES;
				INFOPLIST_KEY_UISupportedInterfaceOrientations_iPad = "UIInterfaceOrientationPortrait UIInterfaceOrientationPortraitUpsideDown UIInterfaceOrientationLandscapeLeft UIInterfaceOrientationLandscapeRight";
				INFOPLIST_KEY_UISupportedInterfaceOrientations_iPhone = "UIInterfaceOrientationPortrait UIInterfaceOrientationLandscapeLeft UIInterfaceOrientationLandscapeRight";
				LD_RUNPATH_SEARCH_PATHS = (
					"$(inherited)",
					"@executable_path/Frameworks",
				);
				MARKETING_VERSION = 1.0;
				PRODUCT_BUNDLE_IDENTIFIER = dinc.findit;
				PRODUCT_NAME = "$(TARGET_NAME)";
				SWIFT_EMIT_LOC_STRINGS = YES;
				SWIFT_VERSION = 5.0;
				TARGETED_DEVICE_FAMILY = "1,2";
			};
			name = Release;
		};
		FE8F8CDB2D1D9F5000B529B5 /* Debug */ = {
			isa = XCBuildConfiguration;
			buildSettings = {
				BUNDLE_LOADER = "$(TEST_HOST)";
				CODE_SIGN_STYLE = Automatic;
				CURRENT_PROJECT_VERSION = 1;
				GENERATE_INFOPLIST_FILE = YES;
				IPHONEOS_DEPLOYMENT_TARGET = 18.1;
				MARKETING_VERSION = 1.0;
				PRODUCT_BUNDLE_IDENTIFIER = dinc.finditTests;
				PRODUCT_NAME = "$(TARGET_NAME)";
				SWIFT_EMIT_LOC_STRINGS = NO;
				SWIFT_VERSION = 5.0;
				TARGETED_DEVICE_FAMILY = "1,2";
				TEST_HOST = "$(BUILT_PRODUCTS_DIR)/findit.app/$(BUNDLE_EXECUTABLE_FOLDER_PATH)/findit";
			};
			name = Debug;
		};
		FE8F8CDC2D1D9F5000B529B5 /* Release */ = {
			isa = XCBuildConfiguration;
			buildSettings = {
				BUNDLE_LOADER = "$(TEST_HOST)";
				CODE_SIGN_STYLE = Automatic;
				CURRENT_PROJECT_VERSION = 1;
				GENERATE_INFOPLIST_FILE = YES;
				IPHONEOS_DEPLOYMENT_TARGET = 18.1;
				MARKETING_VERSION = 1.0;
				PRODUCT_BUNDLE_IDENTIFIER = dinc.finditTests;
				PRODUCT_NAME = "$(TARGET_NAME)";
				SWIFT_EMIT_LOC_STRINGS = NO;
				SWIFT_VERSION = 5.0;
				TARGETED_DEVICE_FAMILY = "1,2";
				TEST_HOST = "$(BUILT_PRODUCTS_DIR)/findit.app/$(BUNDLE_EXECUTABLE_FOLDER_PATH)/findit";
			};
			name = Release;
		};
		FE8F8CDE2D1D9F5000B529B5 /* Debug */ = {
			isa = XCBuildConfiguration;
			buildSettings = {
				CODE_SIGN_STYLE = Automatic;
				CURRENT_PROJECT_VERSION = 1;
				GENERATE_INFOPLIST_FILE = YES;
				MARKETING_VERSION = 1.0;
				PRODUCT_BUNDLE_IDENTIFIER = dinc.finditUITests;
				PRODUCT_NAME = "$(TARGET_NAME)";
				SWIFT_EMIT_LOC_STRINGS = NO;
				SWIFT_VERSION = 5.0;
				TARGETED_DEVICE_FAMILY = "1,2";
				TEST_TARGET_NAME = findit;
			};
			name = Debug;
		};
		FE8F8CDF2D1D9F5000B529B5 /* Release */ = {
			isa = XCBuildConfiguration;
			buildSettings = {
				CODE_SIGN_STYLE = Automatic;
				CURRENT_PROJECT_VERSION = 1;
				GENERATE_INFOPLIST_FILE = YES;
				MARKETING_VERSION = 1.0;
				PRODUCT_BUNDLE_IDENTIFIER = dinc.finditUITests;
				PRODUCT_NAME = "$(TARGET_NAME)";
				SWIFT_EMIT_LOC_STRINGS = NO;
				SWIFT_VERSION = 5.0;
				TARGETED_DEVICE_FAMILY = "1,2";
				TEST_TARGET_NAME = findit;
			};
			name = Release;
		};
/* End XCBuildConfiguration section */

/* Begin XCConfigurationList section */
		FE8F8CAE2D1D9F4F00B529B5 /* Build configuration list for PBXProject "findit" */ = {
			isa = XCConfigurationList;
			buildConfigurations = (
				FE8F8CD52D1D9F5000B529B5 /* Debug */,
				FE8F8CD62D1D9F5000B529B5 /* Release */,
			);
			defaultConfigurationIsVisible = 0;
			defaultConfigurationName = Release;
		};
		FE8F8CD72D1D9F5000B529B5 /* Build configuration list for PBXNativeTarget "findit" */ = {
			isa = XCConfigurationList;
			buildConfigurations = (
				FE8F8CD82D1D9F5000B529B5 /* Debug */,
				FE8F8CD92D1D9F5000B529B5 /* Release */,
			);
			defaultConfigurationIsVisible = 0;
			defaultConfigurationName = Release;
		};
		FE8F8CDA2D1D9F5000B529B5 /* Build configuration list for PBXNativeTarget "finditTests" */ = {
			isa = XCConfigurationList;
			buildConfigurations = (
				FE8F8CDB2D1D9F5000B529B5 /* Debug */,
				FE8F8CDC2D1D9F5000B529B5 /* Release */,
			);
			defaultConfigurationIsVisible = 0;
			defaultConfigurationName = Release;
		};
		FE8F8CDD2D1D9F5000B529B5 /* Build configuration list for PBXNativeTarget "finditUITests" */ = {
			isa = XCConfigurationList;
			buildConfigurations = (
				FE8F8CDE2D1D9F5000B529B5 /* Debug */,
				FE8F8CDF2D1D9F5000B529B5 /* Release */,
			);
			defaultConfigurationIsVisible = 0;
			defaultConfigurationName = Release;
		};
/* End XCConfigurationList section */
	};
	rootObject = FE8F8CAB2D1D9F4F00B529B5 /* Project object */;
}
